
Microsoft Visual Studio Solution File, Format Version 12.00
# Visual Studio 15
VisualStudioVersion = 15.0.26730.3
MinimumVisualStudioVersion = 10.0.40219.1
Project("{FAE04EC0-301F-11D3-BF4B-00C04F79EFBC}") = "fizzbuzz", "fizzbuzz\fizzbuzz.csproj", "{D236CEDC-E4D8-40CC-9A96-76ECD037D158}"
EndProject
Global
	GlobalSection(SolutionConfigurationPlatforms) = preSolution
		Debug|Any CPU = Debug|Any CPU
		Release|Any CPU = Release|Any CPU
	EndGlobalSection
	GlobalSection(ProjectConfigurationPlatforms) = postSolution
		{D236CEDC-E4D8-40CC-9A96-76ECD037D158}.Debug|Any CPU.ActiveCfg = Debug|Any CPU
		{D236CEDC-E4D8-40CC-9A96-76ECD037D158}.Debug|Any CPU.Build.0 = Debug|Any CPU
		{D236CEDC-E4D8-40CC-9A96-76ECD037D158}.Release|Any CPU.ActiveCfg = Release|Any CPU
		{D236CEDC-E4D8-40CC-9A96-76ECD037D158}.Release|Any CPU.Build.0 = Release|Any CPU
	EndGlobalSection
	GlobalSection(SolutionProperties) = preSolution
		HideSolutionNode = FALSE
	EndGlobalSection
	GlobalSection(ExtensibilityGlobals) = postSolution
		SolutionGuid = {74E217FD-8D74-401C-80E4-B6E7B0ACC6C2}
	EndGlobalSection
EndGlobal
